
Microsoft Visual Studio Solution File, Format Version 12.00
# Visual Studio Version 17
VisualStudioVersion = 17.5.002.0
MinimumVisualStudioVersion = 10.0.40219.1
Project("{9A19103F-16F7-4668-BE54-9A1E7A4F7556}") = "Utils.AIUA01", "Utils.AIUA01.csproj", "{BC394392-1DCF-43D1-8B85-CBC67A1050D5}"
EndProject
Global
	GlobalSection(SolutionConfigurationPlatforms) = preSolution
		Debug|Any CPU = Debug|Any CPU
		Release|Any CPU = Release|Any CPU
	EndGlobalSection
	GlobalSection(ProjectConfigurationPlatforms) = postSolution
		{BC394392-1DCF-43D1-8B85-CBC67A1050D5}.Debug|Any CPU.ActiveCfg = Debug|Any CPU
		{BC394392-1DCF-43D1-8B85-CBC67A1050D5}.Debug|Any CPU.Build.0 = Debug|Any CPU
		{BC394392-1DCF-43D1-8B85-CBC67A1050D5}.Release|Any CPU.ActiveCfg = Release|Any CPU
		{BC394392-1DCF-43D1-8B85-CBC67A1050D5}.Release|Any CPU.Build.0 = Release|Any CPU
	EndGlobalSection
	GlobalSection(SolutionProperties) = preSolution
		HideSolutionNode = FALSE
	EndGlobalSection
	GlobalSection(ExtensibilityGlobals) = postSolution
		SolutionGuid = {CC95904D-07E3-4B80-AFC1-714297078B80}
	EndGlobalSection
EndGlobal
